
Microsoft Visual Studio Solution File, Format Version 12.00
# Visual Studio Version 17
VisualStudioVersion = 17.0.32014.148
MinimumVisualStudioVersion = 10.0.40219.1
Project("{9A19103F-16F7-4668-BE54-9A1E7A4F7556}") = "MongoDbWebUtil", "MongoDbWebUtil\MongoDbWebUtil.csproj", "{3422B1A7-FCDE-4B7D-8E78-AC062B442016}"
EndProject
Project("{FAE04EC0-301F-11D3-BF4B-00C04F79EFBC}") = "UnitTest", "UnitTest\UnitTest.csproj", "{5F6599DE-29FC-46D8-8DEF-9CFD8D8A0A5E}"
EndProject
Global
	GlobalSection(SolutionConfigurationPlatforms) = preSolution
		Debug|Any CPU = Debug|Any CPU
		Release|Any CPU = Release|Any CPU
	EndGlobalSection
	GlobalSection(ProjectConfigurationPlatforms) = postSolution
		{3422B1A7-FCDE-4B7D-8E78-AC062B442016}.Debug|Any CPU.ActiveCfg = Debug|Any CPU
		{3422B1A7-FCDE-4B7D-8E78-AC062B442016}.Debug|Any CPU.Build.0 = Debug|Any CPU
		{3422B1A7-FCDE-4B7D-8E78-AC062B442016}.Release|Any CPU.ActiveCfg = Release|Any CPU
		{3422B1A7-FCDE-4B7D-8E78-AC062B442016}.Release|Any CPU.Build.0 = Release|Any CPU
		{5F6599DE-29FC-46D8-8DEF-9CFD8D8A0A5E}.Debug|Any CPU.ActiveCfg = Debug|Any CPU
		{5F6599DE-29FC-46D8-8DEF-9CFD8D8A0A5E}.Debug|Any CPU.Build.0 = Debug|Any CPU
		{5F6599DE-29FC-46D8-8DEF-9CFD8D8A0A5E}.Release|Any CPU.ActiveCfg = Release|Any CPU
		{5F6599DE-29FC-46D8-8DEF-9CFD8D8A0A5E}.Release|Any CPU.Build.0 = Release|Any CPU
	EndGlobalSection
	GlobalSection(SolutionProperties) = preSolution
		HideSolutionNode = FALSE
	EndGlobalSection
	GlobalSection(ExtensibilityGlobals) = postSolution
		SolutionGuid = {5E581470-5DF8-423A-9599-3E38CAFA3C94}
	EndGlobalSection
EndGlobal
